
Microsoft Visual Studio Solution File, Format Version 12.00
# Visual Studio Version 16
VisualStudioVersion = 16.0.32901.82
MinimumVisualStudioVersion = 10.0.40219.1
Project("{D2ABAB84-BF74-430A-B69E-9DC6D40DDA17}") = "MultidimensionalProject1", "MultidimensionalProject1\MultidimensionalProject1.dwproj", "{F5A760F8-D686-44C9-BF0A-E5BF549EC66C}"
EndProject
Global
	GlobalSection(SolutionConfigurationPlatforms) = preSolution
		Development|Default = Development|Default
	EndGlobalSection
	GlobalSection(ProjectConfigurationPlatforms) = postSolution
		{F5A760F8-D686-44C9-BF0A-E5BF549EC66C}.Development|Default.ActiveCfg = Development
		{F5A760F8-D686-44C9-BF0A-E5BF549EC66C}.Development|Default.Build.0 = Development
		{F5A760F8-D686-44C9-BF0A-E5BF549EC66C}.Development|Default.Deploy.0 = Development
	EndGlobalSection
	GlobalSection(SolutionProperties) = preSolution
		HideSolutionNode = FALSE
	EndGlobalSection
	GlobalSection(ExtensibilityGlobals) = postSolution
		SolutionGuid = {7B937831-D9DB-467E-B263-C7525336EE90}
	EndGlobalSection
EndGlobal
